
Microsoft Visual Studio Solution File, Format Version 12.00
# Visual Studio Version 17
VisualStudioVersion = 17.14.36616.10 d17.14
MinimumVisualStudioVersion = 10.0.40219.1
Project("{FAE04EC0-301F-11D3-BF4B-00C04F79EFBC}") = "apl-desk", "apl-desk\apl-desk.csproj", "{E0BD7B59-E019-4760-A653-A9A5D8E6FEF0}"
EndProject
Global
	GlobalSection(SolutionConfigurationPlatforms) = preSolution
		Debug|Any CPU = Debug|Any CPU
		Release|Any CPU = Release|Any CPU
	EndGlobalSection
	GlobalSection(ProjectConfigurationPlatforms) = postSolution
		{E0BD7B59-E019-4760-A653-A9A5D8E6FEF0}.Debug|Any CPU.ActiveCfg = Debug|Any CPU
		{E0BD7B59-E019-4760-A653-A9A5D8E6FEF0}.Debug|Any CPU.Build.0 = Debug|Any CPU
		{E0BD7B59-E019-4760-A653-A9A5D8E6FEF0}.Release|Any CPU.ActiveCfg = Release|Any CPU
		{E0BD7B59-E019-4760-A653-A9A5D8E6FEF0}.Release|Any CPU.Build.0 = Release|Any CPU
	EndGlobalSection
	GlobalSection(SolutionProperties) = preSolution
		HideSolutionNode = FALSE
	EndGlobalSection
	GlobalSection(ExtensibilityGlobals) = postSolution
		SolutionGuid = {0857281C-7BEF-4D67-9BC8-63A244CD6601}
	EndGlobalSection
EndGlobal
